// !$*UTF8*$!
{
	archiveVersion = 1;
	classes = {
	};
	objectVersion = 50;
	objects = {

/* Begin PBXBuildFile section */
		F83E17B42248850A009B8E87 /* AppDelegate.swift in Sources */ = {isa = PBXBuildFile; fileRef = F83E17B32248850A009B8E87 /* AppDelegate.swift */; };
		F83E17B62248850A009B8E87 /* ViewController.swift in Sources */ = {isa = PBXBuildFile; fileRef = F83E17B52248850A009B8E87 /* ViewController.swift */; };
		F83E17B92248850A009B8E87 /* Main.storyboard in Resources */ = {isa = PBXBuildFile; fileRef = F83E17B72248850A009B8E87 /* Main.storyboard */; };
		F83E17BB2248850D009B8E87 /* Assets.xcassets in Resources */ = {isa = PBXBuildFile; fileRef = F83E17BA2248850D009B8E87 /* Assets.xcassets */; };
		F83E17BE2248850D009B8E87 /* LaunchScreen.storyboard in Resources */ = {isa = PBXBuildFile; fileRef = F83E17BC2248850D009B8E87 /* LaunchScreen.storyboard */; };
		F83E17C92248850D009B8E87 /* BLETests.swift in Sources */ = {isa = PBXBuildFile; fileRef = F83E17C82248850D009B8E87 /* BLETests.swift */; };
		F83E17D42248850D009B8E87 /* BLEUITests.swift in Sources */ = {isa = PBXBuildFile; fileRef = F83E17D32248850D009B8E87 /* BLEUITests.swift */; };
		F83E17E2224A0756009B8E87 /* File.swift in Sources */ = {isa = PBXBuildFile; fileRef = F83E17E1224A0756009B8E87 /* File.swift */; };
/* End PBXBuildFile section */

/* Begin PBXContainerItemProxy section */
		F83E17C52248850D009B8E87 /* PBXContainerItemProxy */ = {
			isa = PBXContainerItemProxy;
			containerPortal = F83E17A822488509009B8E87 /* Project object */;
			proxyType = 1;
			remoteGlobalIDString = F83E17AF22488509009B8E87;
			remoteInfo = BLE;
		};
		F83E17D02248850D009B8E87 /* PBXContainerItemProxy */ = {
			isa = PBXContainerItemProxy;
			containerPortal = F83E17A822488509009B8E87 /* Project object */;
			proxyType = 1;
			remoteGlobalIDString = F83E17AF22488509009B8E87;
			remoteInfo = BLE;
		};
/* End PBXContainerItemProxy section */

/* Begin PBXFileReference section */
		F83E17B02248850A009B8E87 /* BLE.app */ = {isa = PBXFileReference; explicitFileType = wrapper.application; includeInIndex = 0; path = BLE.app; sourceTree = BUILT_PRODUCTS_DIR; };
		F83E17B32248850A009B8E87 /* AppDelegate.swift */ = {isa = PBXFileReference; lastKnownFileType = sourcecode.swift; path = AppDelegate.swift; sourceTree = "<group>"; };
		F83E17B52248850A009B8E87 /* ViewController.swift */ = {isa = PBXFileReference; lastKnownFileType = sourcecode.swift; path = ViewController.swift; sourceTree = "<group>"; };
		F83E17B82248850A009B8E87 /* Base */ = {isa = PBXFileReference; lastKnownFileType = file.storyboard; name = Base; path = Base.lproj/Main.storyboard; sourceTree = "<group>"; };
		F83E17BA2248850D009B8E87 /* Assets.xcassets */ = {isa = PBXFileReference; lastKnownFileType = folder.assetcatalog; path = Assets.xcassets; sourceTree = "<group>"; };
		F83E17BD2248850D009B8E87 /* Base */ = {isa = PBXFileReference; lastKnownFileType = file.storyboard; name = Base; path = Base.lproj/LaunchScreen.storyboard; sourceTree = "<group>"; };
		F83E17BF2248850D009B8E87 /* Info.plist */ = {isa = PBXFileReference; lastKnownFileType = text.plist.xml; path = Info.plist; sourceTree = "<group>"; };
		F83E17C42248850D009B8E87 /* BLETests.xctest */ = {isa = PBXFileReference; explicitFileType = wrapper.cfbundle; includeInIndex = 0; path = BLETests.xctest; sourceTree = BUILT_PRODUCTS_DIR; };
		F83E17C82248850D009B8E87 /* BLETests.swift */ = {isa = PBXFileReference; lastKnownFileType = sourcecode.swift; path = BLETests.swift; sourceTree = "<group>"; };
		F83E17CA2248850D009B8E87 /* Info.plist */ = {isa = PBXFileReference; lastKnownFileType = text.plist.xml; path = Info.plist; sourceTree = "<group>"; };
		F83E17CF2248850D009B8E87 /* BLEUITests.xctest */ = {isa = PBXFileReference; explicitFileType = wrapper.cfbundle; includeInIndex = 0; path = BLEUITests.xctest; sourceTree = BUILT_PRODUCTS_DIR; };
		F83E17D32248850D009B8E87 /* BLEUITests.swift */ = {isa = PBXFileReference; lastKnownFileType = sourcecode.swift; path = BLEUITests.swift; sourceTree = "<group>"; };
		F83E17D52248850D009B8E87 /* Info.plist */ = {isa = PBXFileReference; lastKnownFileType = text.plist.xml; path = Info.plist; sourceTree = "<group>"; };
		F83E17E1224A0756009B8E87 /* File.swift */ = {isa = PBXFileReference; lastKnownFileType = sourcecode.swift; path = File.swift; sourceTree = "<group>"; };
/* End PBXFileReference section */

/* Begin PBXFrameworksBuildPhase section */
		F83E17AD22488509009B8E87 /* Frameworks */ = {
			isa = PBXFrameworksBuildPhase;
			buildActionMask = 2147483647;
			files = (
			);
			runOnlyForDeploymentPostprocessing = 0;
		};
		F83E17C12248850D009B8E87 /* Frameworks */ = {
			isa = PBXFrameworksBuildPhase;
			buildActionMask = 2147483647;
			files = (
			);
			runOnlyForDeploymentPostprocessing = 0;
		};
		F83E17CC2248850D009B8E87 /* Frameworks */ = {
			isa = PBXFrameworksBuildPhase;
			buildActionMask = 2147483647;
			files = (
			);
			runOnlyForDeploymentPostprocessing = 0;
		};
/* End PBXFrameworksBuildPhase section */

/* Begin PBXGroup section */
		F83E17A722488509009B8E87 = {
			isa = PBXGroup;
			children = (
				F83E17B22248850A009B8E87 /* BLE */,
				F83E17C72248850D009B8E87 /* BLETests */,
				F83E17D22248850D009B8E87 /* BLEUITests */,
				F83E17B12248850A009B8E87 /* Products */,
			);
			sourceTree = "<group>";
		};
		F83E17B12248850A009B8E87 /* Products */ = {
			isa = PBXGroup;
			children = (
				F83E17B02248850A009B8E87 /* BLE.app */,
				F83E17C42248850D009B8E87 /* BLETests.xctest */,
				F83E17CF2248850D009B8E87 /* BLEUITests.xctest */,
			);
			name = Products;
			sourceTree = "<group>";
		};
		F83E17B22248850A009B8E87 /* BLE */ = {
			isa = PBXGroup;
			children = (
				F83E17B32248850A009B8E87 /* AppDelegate.swift */,
				F83E17B52248850A009B8E87 /* ViewController.swift */,
				F83E17B72248850A009B8E87 /* Main.storyboard */,
				F83E17BA2248850D009B8E87 /* Assets.xcassets */,
				F83E17BC2248850D009B8E87 /* LaunchScreen.storyboard */,
				F83E17BF2248850D009B8E87 /* Info.plist */,
				F83E17E1224A0756009B8E87 /* File.swift */,
			);
			path = BLE;
			sourceTree = "<group>";
		};
		F83E17C72248850D009B8E87 /* BLETests */ = {
			isa = PBXGroup;
			children = (
				F83E17C82248850D009B8E87 /* BLETests.swift */,
				F83E17CA2248850D009B8E87 /* Info.plist */,
			);
			path = BLETests;
			sourceTree = "<group>";
		};
		F83E17D22248850D009B8E87 /* BLEUITests */ = {
			isa = PBXGroup;
			children = (
				F83E17D32248850D009B8E87 /* BLEUITests.swift */,
				F83E17D52248850D009B8E87 /* Info.plist */,
			);
			path = BLEUITests;
			sourceTree = "<group>";
		};
/* End PBXGroup section */

/* Begin PBXNativeTarget section */
		F83E17AF22488509009B8E87 /* BLE */ = {
			isa = PBXNativeTarget;
			buildConfigurationList = F83E17D82248850D009B8E87 /* Build configuration list for PBXNativeTarget "BLE" */;
			buildPhases = (
				F83E17AC22488509009B8E87 /* Sources */,
				F83E17AD22488509009B8E87 /* Frameworks */,
				F83E17AE22488509009B8E87 /* Resources */,
			);
			buildRules = (
			);
			dependencies = (
			);
			name = BLE;
			productName = BLE;
			productReference = F83E17B02248850A009B8E87 /* BLE.app */;
			productType = "com.apple.product-type.application";
		};
		F83E17C32248850D009B8E87 /* BLETests */ = {
			isa = PBXNativeTarget;
			buildConfigurationList = F83E17DB2248850D009B8E87 /* Build configuration list for PBXNativeTarget "BLETests" */;
			buildPhases = (
				F83E17C02248850D009B8E87 /* Sources */,
				F83E17C12248850D009B8E87 /* Frameworks */,
				F83E17C22248850D009B8E87 /* Resources */,
			);
			buildRules = (
			);
			dependencies = (
				F83E17C62248850D009B8E87 /* PBXTargetDependency */,
			);
			name = BLETests;
			productName = BLETests;
			productReference = F83E17C42248850D009B8E87 /* BLETests.xctest */;
			productType = "com.apple.product-type.bundle.unit-test";
		};
		F83E17CE2248850D009B8E87 /* BLEUITests */ = {
			isa = PBXNativeTarget;
			buildConfigurationList = F83E17DE2248850D009B8E87 /* Build configuration list for PBXNativeTarget "BLEUITests" */;
			buildPhases = (
				F83E17CB2248850D009B8E87 /* Sources */,
				F83E17CC2248850D009B8E87 /* Frameworks */,
				F83E17CD2248850D009B8E87 /* Resources */,
			);
			buildRules = (
			);
			dependencies = (
				F83E17D12248850D009B8E87 /* PBXTargetDependency */,
			);
			name = BLEUITests;
			productName = BLEUITests;
			productReference = F83E17CF2248850D009B8E87 /* BLEUITests.xctest */;
			productType = "com.apple.product-type.bundle.ui-testing";
		};
/* End PBXNativeTarget section */

/* Begin PBXProject section */
		F83E17A822488509009B8E87 /* Project object */ = {
			isa = PBXProject;
			attributes = {
				LastSwiftUpdateCheck = 1010;
				LastUpgradeCheck = 1010;
				ORGANIZATIONNAME = 41;
				TargetAttributes = {
					F83E17AF22488509009B8E87 = {
						CreatedOnToolsVersion = 10.1;
					};
					F83E17C32248850D009B8E87 = {
						CreatedOnToolsVersion = 10.1;
						TestTargetID = F83E17AF22488509009B8E87;
					};
					F83E17CE2248850D009B8E87 = {
						CreatedOnToolsVersion = 10.1;
						TestTargetID = F83E17AF22488509009B8E87;
					};
				};
			};
			buildConfigurationList = F83E17AB22488509009B8E87 /* Build configuration list for PBXProject "BLE" */;
			compatibilityVersion = "Xcode 9.3";
			developmentRegion = en;
			hasScannedForEncodings = 0;
			knownRegions = (
				en,
				Base,
			);
			mainGroup = F83E17A722488509009B8E87;
			productRefGroup = F83E17B12248850A009B8E87 /* Products */;
			projectDirPath = "";
			projectRoot = "";
			targets = (
				F83E17AF22488509009B8E87 /* BLE */,
				F83E17C32248850D009B8E87 /* BLETests */,
				F83E17CE2248850D009B8E87 /* BLEUITests */,
			);
		};
/* End PBXProject section */

/* Begin PBXResourcesBuildPhase section */
		F83E17AE22488509009B8E87 /* Resources */ = {
			isa = PBXResourcesBuildPhase;
			buildActionMask = 2147483647;
			files = (
				F83E17BE2248850D009B8E87 /* LaunchScreen.storyboard in Resources */,
				F83E17BB2248850D009B8E87 /* Assets.xcassets in Resources */,
				F83E17B92248850A009B8E87 /* Main.storyboard in Resources */,
			);
			runOnlyForDeploymentPostprocessing = 0;
		};
		F83E17C22248850D009B8E87 /* Resources */ = {
			isa = PBXResourcesBuildPhase;
			buildActionMask = 2147483647;
			files = (
			);
			runOnlyForDeploymentPostprocessing = 0;
		};
		F83E17CD2248850D009B8E87 /* Resources */ = {
			isa = PBXResourcesBuildPhase;
			buildActionMask = 2147483647;
			files = (
			);
			runOnlyForDeploymentPostprocessing = 0;
		};
/* End PBXResourcesBuildPhase section */

/* Begin PBXSourcesBuildPhase section */
		F83E17AC22488509009B8E87 /* Sources */ = {
			isa = PBXSourcesBuildPhase;
			buildActionMask = 2147483647;
			files = (
				F83E17B62248850A009B8E87 /* ViewController.swift in Sources */,
				F83E17E2224A0756009B8E87 /* File.swift in Sources */,
				F83E17B42248850A009B8E87 /* AppDelegate.swift in Sources */,
			);
			runOnlyForDeploymentPostprocessing = 0;
		};
		F83E17C02248850D009B8E87 /* Sources */ = {
			isa = PBXSourcesBuildPhase;
			buildActionMask = 2147483647;
			files = (
				F83E17C92248850D009B8E87 /* BLETests.swift in Sources */,
			);
			runOnlyForDeploymentPostprocessing = 0;
		};
		F83E17CB2248850D009B8E87 /* Sources */ = {
			isa = PBXSourcesBuildPhase;
			buildActionMask = 2147483647;
			files = (
				F83E17D42248850D009B8E87 /* BLEUITests.swift in Sources */,
			);
			runOnlyForDeploymentPostprocessing = 0;
		};
/* End PBXSourcesBuildPhase section */

/* Begin PBXTargetDependency section */
		F83E17C62248850D009B8E87 /* PBXTargetDependency */ = {
			isa = PBXTargetDependency;
			target = F83E17AF22488509009B8E87 /* BLE */;
			targetProxy = F83E17C52248850D009B8E87 /* PBXContainerItemProxy */;
		};
		F83E17D12248850D009B8E87 /* PBXTargetDependency */ = {
			isa = PBXTargetDependency;
			target = F83E17AF22488509009B8E87 /* BLE */;
			targetProxy = F83E17D02248850D009B8E87 /* PBXContainerItemProxy */;
		};
/* End PBXTargetDependency section */

/* Begin PBXVariantGroup section */
		F83E17B72248850A009B8E87 /* Main.storyboard */ = {
			isa = PBXVariantGroup;
			children = (
				F83E17B82248850A009B8E87 /* Base */,
			);
			name = Main.storyboard;
			sourceTree = "<group>";
		};
		F83E17BC2248850D009B8E87 /* LaunchScreen.storyboard */ = {
			isa = PBXVariantGroup;
			children = (
				F83E17BD2248850D009B8E87 /* Base */,
			);
			name = LaunchScreen.storyboard;
			sourceTree = "<group>";
		};
/* End PBXVariantGroup section */

/* Begin XCBuildConfiguration section */
		F83E17D62248850D009B8E87 /* Debug */ = {
			isa = XCBuildConfiguration;
			buildSettings = {
				ALWAYS_SEARCH_USER_PATHS = NO;
				CLANG_ANALYZER_NONNULL = YES;
				CLANG_ANALYZER_NUMBER_OBJECT_CONVERSION = YES_AGGRESSIVE;
				CLANG_CXX_LANGUAGE_STANDARD = "gnu++14";
				CLANG_CXX_LIBRARY = "libc++";
				CLANG_ENABLE_MODULES = YES;
				CLANG_ENABLE_OBJC_ARC = YES;
				CLANG_ENABLE_OBJC_WEAK = YES;
				CLANG_WARN_BLOCK_CAPTURE_AUTORELEASING = YES;
				CLANG_WARN_BOOL_CONVERSION = YES;
				CLANG_WARN_COMMA = YES;
				CLANG_WARN_CONSTANT_CONVERSION = YES;
				CLANG_WARN_DEPRECATED_OBJC_IMPLEMENTATIONS = YES;
				CLANG_WARN_DIRECT_OBJC_ISA_USAGE = YES_ERROR;
				CLANG_WARN_DOCUMENTATION_COMMENTS = YES;
				CLANG_WARN_EMPTY_BODY = YES;
				CLANG_WARN_ENUM_CONVERSION = YES;
				CLANG_WARN_INFINITE_RECURSION = YES;
				CLANG_WARN_INT_CONVERSION = YES;
				CLANG_WARN_NON_LITERAL_NULL_CONVERSION = YES;
				CLANG_WARN_OBJC_IMPLICIT_RETAIN_SELF = YES;
				CLANG_WARN_OBJC_LITERAL_CONVERSION = YES;
				CLANG_WARN_OBJC_ROOT_CLASS = YES_ERROR;
				CLANG_WARN_RANGE_LOOP_ANALYSIS = YES;
				CLANG_WARN_STRICT_PROTOTYPES = YES;
				CLANG_WARN_SUSPICIOUS_MOVE = YES;
				CLANG_WARN_UNGUARDED_AVAILABILITY = YES_AGGRESSIVE;
				CLANG_WARN_UNREACHABLE_CODE = YES;
				CLANG_WARN__DUPLICATE_METHOD_MATCH = YES;
				CODE_SIGN_IDENTITY = "iPhone Developer";
				COPY_PHASE_STRIP = NO;
				DEBUG_INFORMATION_FORMAT = dwarf;
				ENABLE_STRICT_OBJC_MSGSEND = YES;
				ENABLE_TESTABILITY = YES;
				GCC_C_LANGUAGE_STANDARD = gnu11;
				GCC_DYNAMIC_NO_PIC = NO;
				GCC_NO_COMMON_BLOCKS = YES;
				GCC_OPTIMIZATION_LEVEL = 0;
				GCC_PREPROCESSOR_DEFINITIONS = (
					"DEBUG=1",
					"$(inherited)",
				);
				GCC_WARN_64_TO_32_BIT_CONVERSION = YES;
				GCC_WARN_ABOUT_RETURN_TYPE = YES_ERROR;
				GCC_WARN_UNDECLARED_SELECTOR = YES;
				GCC_WARN_UNINITIALIZED_AUTOS = YES_AGGRESSIVE;
				GCC_WARN_UNUSED_FUNCTION = YES;
				GCC_WARN_UNUSED_VARIABLE = YES;
				IPHONEOS_DEPLOYMENT_TARGET = 12.1;
				MTL_ENABLE_DEBUG_INFO = INCLUDE_SOURCE;
				MTL_FAST_MATH = YES;
				ONLY_ACTIVE_ARCH = YES;
				SDKROOT = iphoneos;
				SWIFT_ACTIVE_COMPILATION_CONDITIONS = DEBUG;
				SWIFT_OPTIMIZATION_LEVEL = "-Onone";
			};
			name = Debug;
		};
		F83E17D72248850D009B8E87 /* Release */ = {
			isa = XCBuildConfiguration;
			buildSettings = {
				ALWAYS_SEARCH_USER_PATHS = NO;
				CLANG_ANALYZER_NONNULL = YES;
				CLANG_ANALYZER_NUMBER_OBJECT_CONVERSION = YES_AGGRESSIVE;
				CLANG_CXX_LANGUAGE_STANDARD = "gnu++14";
				CLANG_CXX_LIBRARY = "libc++";
				CLANG_ENABLE_MODULES = YES;
				CLANG_ENABLE_OBJC_ARC = YES;
				CLANG_ENABLE_OBJC_WEAK = YES;
				CLANG_WARN_BLOCK_CAPTURE_AUTORELEASING = YES;
				CLANG_WARN_BOOL_CONVERSION = YES;
				CLANG_WARN_COMMA = YES;
				CLANG_WARN_CONSTANT_CONVERSION = YES;
				CLANG_WARN_DEPRECATED_OBJC_IMPLEMENTATIONS = YES;
				CLANG_WARN_DIRECT_OBJC_ISA_USAGE = YES_ERROR;
				CLANG_WARN_DOCUMENTATION_COMMENTS = YES;
				CLANG_WARN_EMPTY_BODY = YES;
				CLANG_WARN_ENUM_CONVERSION = YES;
				CLANG_WARN_INFINITE_RECURSION = YES;
				CLANG_WARN_INT_CONVERSION = YES;
				CLANG_WARN_NON_LITERAL_NULL_CONVERSION = YES;
				CLANG_WARN_OBJC_IMPLICIT_RETAIN_SELF = YES;
				CLANG_WARN_OBJC_LITERAL_CONVERSION = YES;
				CLANG_WARN_OBJC_ROOT_CLASS = YES_ERROR;
				CLANG_WARN_RANGE_LOOP_ANALYSIS = YES;
				CLANG_WARN_STRICT_PROTOTYPES = YES;
				CLANG_WARN_SUSPICIOUS_MOVE = YES;
				CLANG_WARN_UNGUARDED_AVAILABILITY = YES_AGGRESSIVE;
				CLANG_WARN_UNREACHABLE_CODE = YES;
				CLANG_WARN__DUPLICATE_METHOD_MATCH = YES;
				CODE_SIGN_IDENTITY = "iPhone Developer";
				COPY_PHASE_STRIP = NO;
				DEBUG_INFORMATION_FORMAT = "dwarf-with-dsym";
				ENABLE_NS_ASSERTIONS = NO;
				ENABLE_STRICT_OBJC_MSGSEND = YES;
				GCC_C_LANGUAGE_STANDARD = gnu11;
				GCC_NO_COMMON_BLOCKS = YES;
				GCC_WARN_64_TO_32_BIT_CONVERSION = YES;
				GCC_WARN_ABOUT_RETURN_TYPE = YES_ERROR;
				GCC_WARN_UNDECLARED_SELECTOR = YES;
				GCC_WARN_UNINITIALIZED_AUTOS = YES_AGGRESSIVE;
				GCC_WARN_UNUSED_FUNCTION = YES;
				GCC_WARN_UNUSED_VARIABLE = YES;
				IPHONEOS_DEPLOYMENT_TARGET = 12.1;
				MTL_ENABLE_DEBUG_INFO = NO;
				MTL_FAST_MATH = YES;
				SDKROOT = iphoneos;
				SWIFT_COMPILATION_MODE = wholemodule;
				SWIFT_OPTIMIZATION_LEVEL = "-O";
				VALIDATE_PRODUCT = YES;
			};
			name = Release;
		};
		F83E17D92248850D009B8E87 /* Debug */ = {
			isa = XCBuildConfiguration;
			buildSettings = {
				ASSETCATALOG_COMPILER_APPICON_NAME = AppIcon;
				CODE_SIGN_STYLE = Automatic;
				DEVELOPMENT_TEAM = RP4H9HU9UN;
				INFOPLIST_FILE = BLE/Info.plist;
				IPHONEOS_DEPLOYMENT_TARGET = 12.0;
				LD_RUNPATH_SEARCH_PATHS = (
					"$(inherited)",
					"@executable_path/Frameworks",
				);
				PRODUCT_BUNDLE_IDENTIFIER = yangfourone.BLE;
				PRODUCT_NAME = "$(TARGET_NAME)";
				SWIFT_VERSION = 4.2;
				TARGETED_DEVICE_FAMILY = "1,2";
			};
			name = Debug;
		};
		F83E17DA2248850D009B8E87 /* Release */ = {
			isa = XCBuildConfiguration;
			buildSettings = {
				ASSETCATALOG_COMPILER_APPICON_NAME = AppIcon;
				CODE_SIGN_STYLE = Automatic;
				DEVELOPMENT_TEAM = RP4H9HU9UN;
				INFOPLIST_FILE = BLE/Info.plist;
				IPHONEOS_DEPLOYMENT_TARGET = 12.0;
				LD_RUNPATH_SEARCH_PATHS = (
					"$(inherited)",
					"@executable_path/Frameworks",
				);
				PRODUCT_BUNDLE_IDENTIFIER = yangfourone.BLE;
				PRODUCT_NAME = "$(TARGET_NAME)";
				SWIFT_VERSION = 4.2;
				TARGETED_DEVICE_FAMILY = "1,2";
			};
			name = Release;
		};
		F83E17DC2248850D009B8E87 /* Debug */ = {
			isa = XCBuildConfiguration;
			buildSettings = {
				ALWAYS_EMBED_SWIFT_STANDARD_LIBRARIES = YES;
				BUNDLE_LOADER = "$(TEST_HOST)";
				CODE_SIGN_STYLE = Automatic;
				DEVELOPMENT_TEAM = RP4H9HU9UN;
				INFOPLIST_FILE = BLETests/Info.plist;
				LD_RUNPATH_SEARCH_PATHS = (
					"$(inherited)",
					"@executable_path/Frameworks",
					"@loader_path/Frameworks",
				);
				PRODUCT_BUNDLE_IDENTIFIER = yangfourone.BLETests;
				PRODUCT_NAME = "$(TARGET_NAME)";
				SWIFT_VERSION = 4.2;
				TARGETED_DEVICE_FAMILY = "1,2";
				TEST_HOST = "$(BUILT_PRODUCTS_DIR)/BLE.app/BLE";
			};
			name = Debug;
		};
		F83E17DD2248850D009B8E87 /* Release */ = {
			isa = XCBuildConfiguration;
			buildSettings = {
				ALWAYS_EMBED_SWIFT_STANDARD_LIBRARIES = YES;
				BUNDLE_LOADER = "$(TEST_HOST)";
				CODE_SIGN_STYLE = Automatic;
				DEVELOPMENT_TEAM = RP4H9HU9UN;
				INFOPLIST_FILE = BLETests/Info.plist;
				LD_RUNPATH_SEARCH_PATHS = (
					"$(inherited)",
					"@executable_path/Frameworks",
					"@loader_path/Frameworks",
				);
				PRODUCT_BUNDLE_IDENTIFIER = yangfourone.BLETests;
				PRODUCT_NAME = "$(TARGET_NAME)";
				SWIFT_VERSION = 4.2;
				TARGETED_DEVICE_FAMILY = "1,2";
				TEST_HOST = "$(BUILT_PRODUCTS_DIR)/BLE.app/BLE";
			};
			name = Release;
		};
		F83E17DF2248850D009B8E87 /* Debug */ = {
			isa = XCBuildConfiguration;
			buildSettings = {
				ALWAYS_EMBED_SWIFT_STANDARD_LIBRARIES = YES;
				CODE_SIGN_STYLE = Automatic;
				DEVELOPMENT_TEAM = RP4H9HU9UN;
				INFOPLIST_FILE = BLEUITests/Info.plist;
				LD_RUNPATH_SEARCH_PATHS = (
					"$(inherited)",
					"@executable_path/Frameworks",
					"@loader_path/Frameworks",
				);
				PRODUCT_BUNDLE_IDENTIFIER = yangfourone.BLEUITests;
				PRODUCT_NAME = "$(TARGET_NAME)";
				SWIFT_VERSION = 4.2;
				TARGETED_DEVICE_FAMILY = "1,2";
				TEST_TARGET_NAME = BLE;
			};
			name = Debug;
		};
		F83E17E02248850D009B8E87 /* Release */ = {
			isa = XCBuildConfiguration;
			buildSettings = {
				ALWAYS_EMBED_SWIFT_STANDARD_LIBRARIES = YES;
				CODE_SIGN_STYLE = Automatic;
				DEVELOPMENT_TEAM = RP4H9HU9UN;
				INFOPLIST_FILE = BLEUITests/Info.plist;
				LD_RUNPATH_SEARCH_PATHS = (
					"$(inherited)",
					"@executable_path/Frameworks",
					"@loader_path/Frameworks",
				);
				PRODUCT_BUNDLE_IDENTIFIER = yangfourone.BLEUITests;
				PRODUCT_NAME = "$(TARGET_NAME)";
				SWIFT_VERSION = 4.2;
				TARGETED_DEVICE_FAMILY = "1,2";
				TEST_TARGET_NAME = BLE;
			};
			name = Release;
		};
/* End XCBuildConfiguration section */

/* Begin XCConfigurationList section */
		F83E17AB22488509009B8E87 /* Build configuration list for PBXProject "BLE" */ = {
			isa = XCConfigurationList;
			buildConfigurations = (
				F83E17D62248850D009B8E87 /* Debug */,
				F83E17D72248850D009B8E87 /* Release */,
			);
			defaultConfigurationIsVisible = 0;
			defaultConfigurationName = Release;
		};
		F83E17D82248850D009B8E87 /* Build configuration list for PBXNativeTarget "BLE" */ = {
			isa = XCConfigurationList;
			buildConfigurations = (
				F83E17D92248850D009B8E87 /* Debug */,
				F83E17DA2248850D009B8E87 /* Release */,
			);
			defaultConfigurationIsVisible = 0;
			defaultConfigurationName = Release;
		};
		F83E17DB2248850D009B8E87 /* Build configuration list for PBXNativeTarget "BLETests" */ = {
			isa = XCConfigurationList;
			buildConfigurations = (
				F83E17DC2248850D009B8E87 /* Debug */,
				F83E17DD2248850D009B8E87 /* Release */,
			);
			defaultConfigurationIsVisible = 0;
			defaultConfigurationName = Release;
		};
		F83E17DE2248850D009B8E87 /* Build configuration list for PBXNativeTarget "BLEUITests" */ = {
			isa = XCConfigurationList;
			buildConfigurations = (
				F83E17DF2248850D009B8E87 /* Debug */,
				F83E17E02248850D009B8E87 /* Release */,
			);
			defaultConfigurationIsVisible = 0;
			defaultConfigurationName = Release;
		};
/* End XCConfigurationList section */
	};
	rootObject = F83E17A822488509009B8E87 /* Project object */;
}
